
Microsoft Visual Studio Solution File, Format Version 12.00
# Visual Studio Version 16
VisualStudioVersion = 16.0.30804.86
MinimumVisualStudioVersion = 10.0.40219.1
Project("{FAE04EC0-301F-11D3-BF4B-00C04F79EFBC}") = "Stopwatch.Android", "Stopwatch.Android\Stopwatch.Android.csproj", "{92A17B12-CCEC-4130-8B35-21701B026016}"
EndProject
Project("{FAE04EC0-301F-11D3-BF4B-00C04F79EFBC}") = "Stopwatch", "Stopwatch\Stopwatch.csproj", "{D3A78FF8-1B6B-4DDE-A148-93E16CB2368F}"
EndProject
Global
	GlobalSection(SolutionConfigurationPlatforms) = preSolution
		Debug|Any CPU = Debug|Any CPU
		Release|Any CPU = Release|Any CPU
	EndGlobalSection
	GlobalSection(ProjectConfigurationPlatforms) = postSolution
		{92A17B12-CCEC-4130-8B35-21701B026016}.Debug|Any CPU.ActiveCfg = Debug|Any CPU
		{92A17B12-CCEC-4130-8B35-21701B026016}.Debug|Any CPU.Build.0 = Debug|Any CPU
		{92A17B12-CCEC-4130-8B35-21701B026016}.Debug|Any CPU.Deploy.0 = Debug|Any CPU
		{92A17B12-CCEC-4130-8B35-21701B026016}.Release|Any CPU.ActiveCfg = Release|Any CPU
		{92A17B12-CCEC-4130-8B35-21701B026016}.Release|Any CPU.Build.0 = Release|Any CPU
		{92A17B12-CCEC-4130-8B35-21701B026016}.Release|Any CPU.Deploy.0 = Release|Any CPU
		{D3A78FF8-1B6B-4DDE-A148-93E16CB2368F}.Debug|Any CPU.ActiveCfg = Debug|Any CPU
		{D3A78FF8-1B6B-4DDE-A148-93E16CB2368F}.Debug|Any CPU.Build.0 = Debug|Any CPU
		{D3A78FF8-1B6B-4DDE-A148-93E16CB2368F}.Debug|Any CPU.Deploy.0 = Debug|Any CPU
		{D3A78FF8-1B6B-4DDE-A148-93E16CB2368F}.Release|Any CPU.ActiveCfg = Release|Any CPU
		{D3A78FF8-1B6B-4DDE-A148-93E16CB2368F}.Release|Any CPU.Build.0 = Release|Any CPU
		{D3A78FF8-1B6B-4DDE-A148-93E16CB2368F}.Release|Any CPU.Deploy.0 = Release|Any CPU
	EndGlobalSection
	GlobalSection(SolutionProperties) = preSolution
		HideSolutionNode = FALSE
	EndGlobalSection
	GlobalSection(ExtensibilityGlobals) = postSolution
		SolutionGuid = {C2C02970-1349-4BB5-8FA9-C615ED4838F9}
	EndGlobalSection
EndGlobal
